
Microsoft Visual Studio Solution File, Format Version 12.00
# Visual Studio Version 17
VisualStudioVersion = 17.14.36511.14 d17.14
MinimumVisualStudioVersion = 10.0.40219.1
Project("{FAE04EC0-301F-11D3-BF4B-00C04F79EFBC}") = "ControleEstoque.Core", "ControleEstoque.Core\ControleEstoque.Core.csproj", "{F8801D93-E3D5-4428-812A-272A8F791A5E}"
EndProject
Project("{FAE04EC0-301F-11D3-BF4B-00C04F79EFBC}") = "ControleEstoque.UI", "ControleEstoque.UI\ControleEstoque.UI.csproj", "{40392F70-764C-4099-9F3C-01ECF9D776C1}"
EndProject
Global
	GlobalSection(SolutionConfigurationPlatforms) = preSolution
		Debug|Any CPU = Debug|Any CPU
		Release|Any CPU = Release|Any CPU
	EndGlobalSection
	GlobalSection(ProjectConfigurationPlatforms) = postSolution
		{F8801D93-E3D5-4428-812A-272A8F791A5E}.Debug|Any CPU.ActiveCfg = Debug|Any CPU
		{F8801D93-E3D5-4428-812A-272A8F791A5E}.Debug|Any CPU.Build.0 = Debug|Any CPU
		{F8801D93-E3D5-4428-812A-272A8F791A5E}.Release|Any CPU.ActiveCfg = Release|Any CPU
		{F8801D93-E3D5-4428-812A-272A8F791A5E}.Release|Any CPU.Build.0 = Release|Any CPU
		{40392F70-764C-4099-9F3C-01ECF9D776C1}.Debug|Any CPU.ActiveCfg = Debug|Any CPU
		{40392F70-764C-4099-9F3C-01ECF9D776C1}.Debug|Any CPU.Build.0 = Debug|Any CPU
		{40392F70-764C-4099-9F3C-01ECF9D776C1}.Release|Any CPU.ActiveCfg = Release|Any CPU
		{40392F70-764C-4099-9F3C-01ECF9D776C1}.Release|Any CPU.Build.0 = Release|Any CPU
	EndGlobalSection
	GlobalSection(SolutionProperties) = preSolution
		HideSolutionNode = FALSE
	EndGlobalSection
	GlobalSection(ExtensibilityGlobals) = postSolution
		SolutionGuid = {695CEFBD-8595-474B-BA59-A5812B87E671}
	EndGlobalSection
EndGlobal
